# @generated by Move, please check-in and do not edit manually.

[move]
version = 3
manifest_digest = "2D58CB13820B1E54E9FF11DEACE7660C7F8B2A2602E01CCBA51D6059F3807DE4"
deps_digest = "F9B494B64F0615AED0E98FC12A85B85ECD2BC5185C22D30E7F67786BB52E507C"
dependencies = [
  { id = "Bridge", name = "Bridge" },
  { id = "MoveStdlib", name = "MoveStdlib" },
  { id = "Sui", name = "Sui" },
  { id = "SuiSystem", name = "SuiSystem" },
]

[[move.package]]
id = "Bridge"
source = { git = "https://github.com/MystenLabs/sui.git", rev = "db951a5ea6b125f6253a6b7f436ddba46eb0feb3", subdir = "crates/sui-framework/packages/bridge" }

dependencies = [
  { id = "MoveStdlib", name = "MoveStdlib" },
  { id = "Sui", name = "Sui" },
  { id = "SuiSystem", name = "SuiSystem" },
]

[[move.package]]
id = "MoveStdlib"
source = { git = "https://github.com/MystenLabs/sui.git", rev = "db951a5ea6b125f6253a6b7f436ddba46eb0feb3", subdir = "crates/sui-framework/packages/move-stdlib" }

[[move.package]]
id = "Sui"
source = { git = "https://github.com/MystenLabs/sui.git", rev = "db951a5ea6b125f6253a6b7f436ddba46eb0feb3", subdir = "crates/sui-framework/packages/sui-framework" }

dependencies = [
  { id = "MoveStdlib", name = "MoveStdlib" },
]

[[move.package]]
id = "SuiSystem"
source = { git = "https://github.com/MystenLabs/sui.git", rev = "db951a5ea6b125f6253a6b7f436ddba46eb0feb3", subdir = "crates/sui-framework/packages/sui-system" }

dependencies = [
  { id = "MoveStdlib", name = "MoveStdlib" },
  { id = "Sui", name = "Sui" },
]

[move.toolchain-version]
compiler-version = "1.54.0"
edition = "2024.beta"
flavor = "sui"

[env]

[env.devnet]
chain-id = "f117859f"
original-published-id = "0x23ca9e108616e2a493cd0b34e0a89dfb1fcabd227af479b5c074e651ff9c6860"
latest-published-id = "0x23ca9e108616e2a493cd0b34e0a89dfb1fcabd227af479b5c074e651ff9c6860"
published-version = "1"
